
Microsoft Visual Studio Solution File, Format Version 12.00
# Visual Studio Version 16
VisualStudioVersion = 16.0.30523.141
MinimumVisualStudioVersion = 10.0.40219.1
Project("{FAE04EC0-301F-11D3-BF4B-00C04F79EFBC}") = "Coding_FizzBuzz_Challenge", "Coding_FizzBuzz_Challenge.csproj", "{358E6CA3-0ECD-45C7-B2D9-A8426B43CF7C}"
EndProject
Global
	GlobalSection(SolutionConfigurationPlatforms) = preSolution
		Debug|Any CPU = Debug|Any CPU
		Release|Any CPU = Release|Any CPU
	EndGlobalSection
	GlobalSection(ProjectConfigurationPlatforms) = postSolution
		{358E6CA3-0ECD-45C7-B2D9-A8426B43CF7C}.Debug|Any CPU.ActiveCfg = Debug|Any CPU
		{358E6CA3-0ECD-45C7-B2D9-A8426B43CF7C}.Debug|Any CPU.Build.0 = Debug|Any CPU
		{358E6CA3-0ECD-45C7-B2D9-A8426B43CF7C}.Release|Any CPU.ActiveCfg = Release|Any CPU
		{358E6CA3-0ECD-45C7-B2D9-A8426B43CF7C}.Release|Any CPU.Build.0 = Release|Any CPU
	EndGlobalSection
	GlobalSection(SolutionProperties) = preSolution
		HideSolutionNode = FALSE
	EndGlobalSection
	GlobalSection(ExtensibilityGlobals) = postSolution
		SolutionGuid = {DEEA14CF-D7A9-4F73-83FF-E31590E6BD59}
	EndGlobalSection
EndGlobal
